
Microsoft Visual Studio Solution File, Format Version 12.00
# Visual Studio 15
VisualStudioVersion = 15.0.26730.16
MinimumVisualStudioVersion = 10.0.40219.1
Project("{FAE04EC0-301F-11D3-BF4B-00C04F79EFBC}") = "SolucionExamenCursoNet", "SolucionExamenCursoNet\SolucionExamenCursoNet.csproj", "{9DF5366A-067A-47DD-8EFC-AC21BBB46A45}"
EndProject
Project("{FAE04EC0-301F-11D3-BF4B-00C04F79EFBC}") = "Modulo2", "Modulo2\Modulo2.csproj", "{8665681D-74BB-489B-A9A4-528A0440FDBE}"
EndProject
Project("{FAE04EC0-301F-11D3-BF4B-00C04F79EFBC}") = "Modulo2TracingLogging", "Modulo2TracingLogging\Modulo2TracingLogging.csproj", "{26F03A43-2926-47F3-94E4-ACB6F7FD84CC}"
EndProject
Global
	GlobalSection(SolutionConfigurationPlatforms) = preSolution
		Debug|Any CPU = Debug|Any CPU
		ModoReleaseX64|Any CPU = ModoReleaseX64|Any CPU
		ModoReleaseX86|Any CPU = ModoReleaseX86|Any CPU
		Release|Any CPU = Release|Any CPU
	EndGlobalSection
	GlobalSection(ProjectConfigurationPlatforms) = postSolution
		{9DF5366A-067A-47DD-8EFC-AC21BBB46A45}.Debug|Any CPU.ActiveCfg = Debug|Any CPU
		{9DF5366A-067A-47DD-8EFC-AC21BBB46A45}.Debug|Any CPU.Build.0 = Debug|Any CPU
		{9DF5366A-067A-47DD-8EFC-AC21BBB46A45}.ModoReleaseX64|Any CPU.ActiveCfg = ModoReleaseX64|Any CPU
		{9DF5366A-067A-47DD-8EFC-AC21BBB46A45}.ModoReleaseX64|Any CPU.Build.0 = ModoReleaseX64|Any CPU
		{9DF5366A-067A-47DD-8EFC-AC21BBB46A45}.ModoReleaseX86|Any CPU.ActiveCfg = ModoReleaseX86|Any CPU
		{9DF5366A-067A-47DD-8EFC-AC21BBB46A45}.ModoReleaseX86|Any CPU.Build.0 = ModoReleaseX86|Any CPU
		{9DF5366A-067A-47DD-8EFC-AC21BBB46A45}.Release|Any CPU.ActiveCfg = Release|Any CPU
		{9DF5366A-067A-47DD-8EFC-AC21BBB46A45}.Release|Any CPU.Build.0 = Release|Any CPU
		{8665681D-74BB-489B-A9A4-528A0440FDBE}.Debug|Any CPU.ActiveCfg = Debug|Any CPU
		{8665681D-74BB-489B-A9A4-528A0440FDBE}.Debug|Any CPU.Build.0 = Debug|Any CPU
		{8665681D-74BB-489B-A9A4-528A0440FDBE}.ModoReleaseX64|Any CPU.ActiveCfg = ModoReleaseX64|Any CPU
		{8665681D-74BB-489B-A9A4-528A0440FDBE}.ModoReleaseX64|Any CPU.Build.0 = ModoReleaseX64|Any CPU
		{8665681D-74BB-489B-A9A4-528A0440FDBE}.ModoReleaseX86|Any CPU.ActiveCfg = ModoReleaseX86|Any CPU
		{8665681D-74BB-489B-A9A4-528A0440FDBE}.ModoReleaseX86|Any CPU.Build.0 = ModoReleaseX86|Any CPU
		{8665681D-74BB-489B-A9A4-528A0440FDBE}.Release|Any CPU.ActiveCfg = Release|Any CPU
		{8665681D-74BB-489B-A9A4-528A0440FDBE}.Release|Any CPU.Build.0 = Release|Any CPU
		{26F03A43-2926-47F3-94E4-ACB6F7FD84CC}.Debug|Any CPU.ActiveCfg = Debug|Any CPU
		{26F03A43-2926-47F3-94E4-ACB6F7FD84CC}.Debug|Any CPU.Build.0 = Debug|Any CPU
		{26F03A43-2926-47F3-94E4-ACB6F7FD84CC}.ModoReleaseX64|Any CPU.ActiveCfg = ModoReleaseX64|Any CPU
		{26F03A43-2926-47F3-94E4-ACB6F7FD84CC}.ModoReleaseX64|Any CPU.Build.0 = ModoReleaseX64|Any CPU
		{26F03A43-2926-47F3-94E4-ACB6F7FD84CC}.ModoReleaseX86|Any CPU.ActiveCfg = ModoReleaseX86|Any CPU
		{26F03A43-2926-47F3-94E4-ACB6F7FD84CC}.ModoReleaseX86|Any CPU.Build.0 = ModoReleaseX86|Any CPU
		{26F03A43-2926-47F3-94E4-ACB6F7FD84CC}.Release|Any CPU.ActiveCfg = Release|Any CPU
		{26F03A43-2926-47F3-94E4-ACB6F7FD84CC}.Release|Any CPU.Build.0 = Release|Any CPU
	EndGlobalSection
	GlobalSection(SolutionProperties) = preSolution
		HideSolutionNode = FALSE
	EndGlobalSection
	GlobalSection(ExtensibilityGlobals) = postSolution
		SolutionGuid = {966969F7-481C-4006-8514-F0793804E355}
	EndGlobalSection
EndGlobal
